# This file is automatically @generated by Cargo.
# It is not intended for manual editing.
version = 3

[[package]]
name = "lnx"
version = "0.10.0"

[[package]]
name = "lnx-common"
version = "0.1.0"

[[package]]
name = "lnx-http"
version = "0.1.0"

[[package]]
name = "lnx-metrics"
version = "0.1.0"

[[package]]
name = "lnx-query"
version = "0.1.0"

[[package]]
name = "lnx-reader"
version = "0.1.0"

[[package]]
name = "lnx-storage"
version = "0.1.0"

[[package]]
name = "lnx-writer"
version = "0.1.0"
